
Microsoft Visual Studio Solution File, Format Version 12.00
# Visual Studio Version 17
VisualStudioVersion = 17.13.35806.99 d17.13
MinimumVisualStudioVersion = 10.0.40219.1
Project("{FAE04EC0-301F-11D3-BF4B-00C04F79EFBC}") = "ClassLibrary_Monstr", "ClassLibrary_Monstr.csproj", "{8D277AF0-0951-4AD3-A8C1-D2CF354F2497}"
EndProject
Project("{FAE04EC0-301F-11D3-BF4B-00C04F79EFBC}") = "prack13_Monstr", "..\prack13_Monstr\prack13_Monstr.csproj", "{FF2825D8-E8EF-42EC-9A61-4A03B1525427}"
EndProject
Project("{FAE04EC0-301F-11D3-BF4B-00C04F79EFBC}") = "prack14_Monstr", "..\prack14_Monstr\prack14_Monstr.csproj", "{EA836B1A-BB41-48D0-B35F-E38911E02E4F}"
EndProject
Global
	GlobalSection(SolutionConfigurationPlatforms) = preSolution
		Debug|Any CPU = Debug|Any CPU
		Release|Any CPU = Release|Any CPU
	EndGlobalSection
	GlobalSection(ProjectConfigurationPlatforms) = postSolution
		{8D277AF0-0951-4AD3-A8C1-D2CF354F2497}.Debug|Any CPU.ActiveCfg = Debug|Any CPU
		{8D277AF0-0951-4AD3-A8C1-D2CF354F2497}.Debug|Any CPU.Build.0 = Debug|Any CPU
		{8D277AF0-0951-4AD3-A8C1-D2CF354F2497}.Release|Any CPU.ActiveCfg = Release|Any CPU
		{8D277AF0-0951-4AD3-A8C1-D2CF354F2497}.Release|Any CPU.Build.0 = Release|Any CPU
		{FF2825D8-E8EF-42EC-9A61-4A03B1525427}.Debug|Any CPU.ActiveCfg = Debug|Any CPU
		{FF2825D8-E8EF-42EC-9A61-4A03B1525427}.Debug|Any CPU.Build.0 = Debug|Any CPU
		{FF2825D8-E8EF-42EC-9A61-4A03B1525427}.Release|Any CPU.ActiveCfg = Release|Any CPU
		{FF2825D8-E8EF-42EC-9A61-4A03B1525427}.Release|Any CPU.Build.0 = Release|Any CPU
		{EA836B1A-BB41-48D0-B35F-E38911E02E4F}.Debug|Any CPU.ActiveCfg = Debug|Any CPU
		{EA836B1A-BB41-48D0-B35F-E38911E02E4F}.Debug|Any CPU.Build.0 = Debug|Any CPU
		{EA836B1A-BB41-48D0-B35F-E38911E02E4F}.Release|Any CPU.ActiveCfg = Release|Any CPU
		{EA836B1A-BB41-48D0-B35F-E38911E02E4F}.Release|Any CPU.Build.0 = Release|Any CPU
	EndGlobalSection
	GlobalSection(SolutionProperties) = preSolution
		HideSolutionNode = FALSE
	EndGlobalSection
	GlobalSection(ExtensibilityGlobals) = postSolution
		SolutionGuid = {980D52F1-FBCF-4540-856F-97C12D6CF029}
	EndGlobalSection
EndGlobal
